
Microsoft Visual Studio Solution File, Format Version 12.00
# Visual Studio Version 16
VisualStudioVersion = 16.0.31702.278
MinimumVisualStudioVersion = 10.0.40219.1
Project("{9A19103F-16F7-4668-BE54-9A1E7A4F7556}") = "VideoGamesDB.Tabs", "Libraries\VideoGamesDB.Tabs\VideoGamesDB.Tabs.csproj", "{61EB0F1B-58EC-48A8-8C67-8A3C1436FC22}"
EndProject
Project("{2150E333-8FDC-42A3-9474-1A3956D46DE8}") = "Libraries", "Libraries", "{A2270A78-0C12-46DB-8790-4A1B698C04C8}"
EndProject
Project("{2150E333-8FDC-42A3-9474-1A3956D46DE8}") = "Programs", "Programs", "{3D23574F-A099-4C34-BF46-48A89F2A3120}"
EndProject
Project("{9A19103F-16F7-4668-BE54-9A1E7A4F7556}") = "VideoGamesDB.Start.Avalonia", "Programs\VideoGamesDB.Start.Avalonia\VideoGamesDB.Start.Avalonia.csproj", "{A2C10DA0-DEA9-469F-9DBE-07203DF82870}"
EndProject
Project("{2150E333-8FDC-42A3-9474-1A3956D46DE8}") = "Imports", "Imports", "{6E95ACC0-3C1A-433F-B1BD-3A498AC09695}"
EndProject
Project("{2150E333-8FDC-42A3-9474-1A3956D46DE8}") = "Atlas", "Atlas", "{D27039B8-2F73-44C2-B789-F2698988BC74}"
EndProject
Project("{9A19103F-16F7-4668-BE54-9A1E7A4F7556}") = "Atlas.Core", "Imports\Atlas\Libraries\Atlas.Core\Atlas.Core.csproj", "{81102CA1-17C9-4A46-9314-E83BB4E54EF4}"
EndProject
Project("{9A19103F-16F7-4668-BE54-9A1E7A4F7556}") = "Atlas.UI.Avalonia", "Imports\Atlas\Libraries\Atlas.UI.Avalonia\Atlas.UI.Avalonia.csproj", "{8B0D447E-A6B8-4ADF-BA6C-525BFCCBE63E}"
EndProject
Project("{9A19103F-16F7-4668-BE54-9A1E7A4F7556}") = "Atlas.Tabs", "Imports\Atlas\Libraries\Atlas.Tabs\Atlas.Tabs.csproj", "{259981A6-3094-4F35-9EA2-9AA18EFA07E2}"
EndProject
Project("{9A19103F-16F7-4668-BE54-9A1E7A4F7556}") = "Atlas.Network", "Imports\Atlas\Libraries\Atlas.Network\Atlas.Network.csproj", "{8F8F7067-8E25-4254-9BAE-EE37A1435DFC}"
EndProject
Project("{9A19103F-16F7-4668-BE54-9A1E7A4F7556}") = "Atlas.Serialize", "Imports\Atlas\Libraries\Atlas.Serialize\Atlas.Serialize.csproj", "{F3280D99-0AB2-44DB-8590-0D9D5E5F44CE}"
EndProject
Project("{9A19103F-16F7-4668-BE54-9A1E7A4F7556}") = "Atlas.Resources", "Imports\Atlas\Libraries\Atlas.Resources\Atlas.Resources.csproj", "{168D4B9D-AC2C-48BC-A9B0-3FBD15B343FF}"
EndProject
Project("{2150E333-8FDC-42A3-9474-1A3956D46DE8}") = "AvaloniaUI", "AvaloniaUI", "{8A203BA5-9848-4A50-8EA2-A2C6B0F37F9F}"
EndProject
Project("{9A19103F-16F7-4668-BE54-9A1E7A4F7556}") = "AvaloniaEdit", "Imports\Atlas\Imports\AvaloniaUI\AvaloniaEdit\src\AvaloniaEdit\AvaloniaEdit.csproj", "{3CC291FF-477D-47B6-B355-01CEFF173F14}"
EndProject
Project("{9A19103F-16F7-4668-BE54-9A1E7A4F7556}") = "OxyPlot.Avalonia", "Imports\Atlas\Imports\AvaloniaUI\OxyPlot.Avalonia\Source\OxyPlot.Avalonia\OxyPlot.Avalonia.csproj", "{A8E7C22C-90F1-4FD8-B5B0-8F2C3CA07477}"
EndProject
Project("{2150E333-8FDC-42A3-9474-1A3956D46DE8}") = "Database", "Database", "{9180288B-0488-4F66-98EC-E2D73C141B2F}"
	ProjectSection(SolutionItems) = preProject
		Imports\Database\Readme.txt = Imports\Database\Readme.txt
		Imports\Database\Video_Games_Sales_as_at_22_Dec_2016.csv = Imports\Database\Video_Games_Sales_as_at_22_Dec_2016.csv
	EndProjectSection
EndProject
Project("{9A19103F-16F7-4668-BE54-9A1E7A4F7556}") = "Atlas.Tabs.Test", "Imports\Atlas\Libraries\Atlas.Tabs.Test\Atlas.Tabs.Test.csproj", "{AA65E6CD-11CB-488B-9183-B0AE4147293D}"
EndProject
Project("{9A19103F-16F7-4668-BE54-9A1E7A4F7556}") = "Atlas.Tabs.Tools", "Imports\Atlas\Libraries\Atlas.Tabs.Tools\Atlas.Tabs.Tools.csproj", "{CB1554FD-B563-4E6C-B0E7-53663ECF502F}"
EndProject
Project("{9A19103F-16F7-4668-BE54-9A1E7A4F7556}") = "Atlas.UI.Avalonia.Charts", "Imports\Atlas\Libraries\Atlas.UI.Avalonia.Charts\Atlas.UI.Avalonia.Charts.csproj", "{13283762-6CCD-41FF-B3E6-6DF6C07289C8}"
EndProject
Project("{9A19103F-16F7-4668-BE54-9A1E7A4F7556}") = "Atlas.UI.Avalonia.ScreenCapture", "Imports\Atlas\Libraries\Atlas.UI.Avalonia.ScreenCapture\Atlas.UI.Avalonia.ScreenCapture.csproj", "{8487EB2B-A119-4D45-9562-648FFB94A129}"
EndProject
Global
	GlobalSection(SolutionConfigurationPlatforms) = preSolution
		Debug|Any CPU = Debug|Any CPU
		DebugX86|Any CPU = DebugX86|Any CPU
		Release|Any CPU = Release|Any CPU
	EndGlobalSection
	GlobalSection(ProjectConfigurationPlatforms) = postSolution
		{61EB0F1B-58EC-48A8-8C67-8A3C1436FC22}.Debug|Any CPU.ActiveCfg = Debug|Any CPU
		{61EB0F1B-58EC-48A8-8C67-8A3C1436FC22}.Debug|Any CPU.Build.0 = Debug|Any CPU
		{61EB0F1B-58EC-48A8-8C67-8A3C1436FC22}.DebugX86|Any CPU.ActiveCfg = DebugX86|Any CPU
		{61EB0F1B-58EC-48A8-8C67-8A3C1436FC22}.DebugX86|Any CPU.Build.0 = DebugX86|Any CPU
		{61EB0F1B-58EC-48A8-8C67-8A3C1436FC22}.Release|Any CPU.ActiveCfg = Release|Any CPU
		{61EB0F1B-58EC-48A8-8C67-8A3C1436FC22}.Release|Any CPU.Build.0 = Release|Any CPU
		{A2C10DA0-DEA9-469F-9DBE-07203DF82870}.Debug|Any CPU.ActiveCfg = Debug|Any CPU
		{A2C10DA0-DEA9-469F-9DBE-07203DF82870}.Debug|Any CPU.Build.0 = Debug|Any CPU
		{A2C10DA0-DEA9-469F-9DBE-07203DF82870}.DebugX86|Any CPU.ActiveCfg = DebugX86|Any CPU
		{A2C10DA0-DEA9-469F-9DBE-07203DF82870}.DebugX86|Any CPU.Build.0 = DebugX86|Any CPU
		{A2C10DA0-DEA9-469F-9DBE-07203DF82870}.Release|Any CPU.ActiveCfg = Release|Any CPU
		{A2C10DA0-DEA9-469F-9DBE-07203DF82870}.Release|Any CPU.Build.0 = Release|Any CPU
		{81102CA1-17C9-4A46-9314-E83BB4E54EF4}.Debug|Any CPU.ActiveCfg = Debug|Any CPU
		{81102CA1-17C9-4A46-9314-E83BB4E54EF4}.Debug|Any CPU.Build.0 = Debug|Any CPU
		{81102CA1-17C9-4A46-9314-E83BB4E54EF4}.DebugX86|Any CPU.ActiveCfg = DebugX86|Any CPU
		{81102CA1-17C9-4A46-9314-E83BB4E54EF4}.DebugX86|Any CPU.Build.0 = DebugX86|Any CPU
		{81102CA1-17C9-4A46-9314-E83BB4E54EF4}.Release|Any CPU.ActiveCfg = Release|Any CPU
		{81102CA1-17C9-4A46-9314-E83BB4E54EF4}.Release|Any CPU.Build.0 = Release|Any CPU
		{8B0D447E-A6B8-4ADF-BA6C-525BFCCBE63E}.Debug|Any CPU.ActiveCfg = Debug|Any CPU
		{8B0D447E-A6B8-4ADF-BA6C-525BFCCBE63E}.Debug|Any CPU.Build.0 = Debug|Any CPU
		{8B0D447E-A6B8-4ADF-BA6C-525BFCCBE63E}.DebugX86|Any CPU.ActiveCfg = DebugX86|Any CPU
		{8B0D447E-A6B8-4ADF-BA6C-525BFCCBE63E}.DebugX86|Any CPU.Build.0 = DebugX86|Any CPU
		{8B0D447E-A6B8-4ADF-BA6C-525BFCCBE63E}.Release|Any CPU.ActiveCfg = Release|Any CPU
		{8B0D447E-A6B8-4ADF-BA6C-525BFCCBE63E}.Release|Any CPU.Build.0 = Release|Any CPU
		{259981A6-3094-4F35-9EA2-9AA18EFA07E2}.Debug|Any CPU.ActiveCfg = Debug|Any CPU
		{259981A6-3094-4F35-9EA2-9AA18EFA07E2}.Debug|Any CPU.Build.0 = Debug|Any CPU
		{259981A6-3094-4F35-9EA2-9AA18EFA07E2}.DebugX86|Any CPU.ActiveCfg = DebugX86|Any CPU
		{259981A6-3094-4F35-9EA2-9AA18EFA07E2}.DebugX86|Any CPU.Build.0 = DebugX86|Any CPU
		{259981A6-3094-4F35-9EA2-9AA18EFA07E2}.Release|Any CPU.ActiveCfg = Release|Any CPU
		{259981A6-3094-4F35-9EA2-9AA18EFA07E2}.Release|Any CPU.Build.0 = Release|Any CPU
		{8F8F7067-8E25-4254-9BAE-EE37A1435DFC}.Debug|Any CPU.ActiveCfg = Debug|Any CPU
		{8F8F7067-8E25-4254-9BAE-EE37A1435DFC}.Debug|Any CPU.Build.0 = Debug|Any CPU
		{8F8F7067-8E25-4254-9BAE-EE37A1435DFC}.DebugX86|Any CPU.ActiveCfg = DebugX86|Any CPU
		{8F8F7067-8E25-4254-9BAE-EE37A1435DFC}.DebugX86|Any CPU.Build.0 = DebugX86|Any CPU
		{8F8F7067-8E25-4254-9BAE-EE37A1435DFC}.Release|Any CPU.ActiveCfg = Release|Any CPU
		{8F8F7067-8E25-4254-9BAE-EE37A1435DFC}.Release|Any CPU.Build.0 = Release|Any CPU
		{F3280D99-0AB2-44DB-8590-0D9D5E5F44CE}.Debug|Any CPU.ActiveCfg = Debug|Any CPU
		{F3280D99-0AB2-44DB-8590-0D9D5E5F44CE}.Debug|Any CPU.Build.0 = Debug|Any CPU
		{F3280D99-0AB2-44DB-8590-0D9D5E5F44CE}.DebugX86|Any CPU.ActiveCfg = DebugX86|Any CPU
		{F3280D99-0AB2-44DB-8590-0D9D5E5F44CE}.DebugX86|Any CPU.Build.0 = DebugX86|Any CPU
		{F3280D99-0AB2-44DB-8590-0D9D5E5F44CE}.Release|Any CPU.ActiveCfg = Release|Any CPU
		{F3280D99-0AB2-44DB-8590-0D9D5E5F44CE}.Release|Any CPU.Build.0 = Release|Any CPU
		{168D4B9D-AC2C-48BC-A9B0-3FBD15B343FF}.Debug|Any CPU.ActiveCfg = Debug|Any CPU
		{168D4B9D-AC2C-48BC-A9B0-3FBD15B343FF}.Debug|Any CPU.Build.0 = Debug|Any CPU
		{168D4B9D-AC2C-48BC-A9B0-3FBD15B343FF}.DebugX86|Any CPU.ActiveCfg = Debug|Any CPU
		{168D4B9D-AC2C-48BC-A9B0-3FBD15B343FF}.DebugX86|Any CPU.Build.0 = Debug|Any CPU
		{168D4B9D-AC2C-48BC-A9B0-3FBD15B343FF}.Release|Any CPU.ActiveCfg = Release|Any CPU
		{168D4B9D-AC2C-48BC-A9B0-3FBD15B343FF}.Release|Any CPU.Build.0 = Release|Any CPU
		{3CC291FF-477D-47B6-B355-01CEFF173F14}.Debug|Any CPU.ActiveCfg = Debug|Any CPU
		{3CC291FF-477D-47B6-B355-01CEFF173F14}.Debug|Any CPU.Build.0 = Debug|Any CPU
		{3CC291FF-477D-47B6-B355-01CEFF173F14}.DebugX86|Any CPU.ActiveCfg = Debug|Any CPU
		{3CC291FF-477D-47B6-B355-01CEFF173F14}.DebugX86|Any CPU.Build.0 = Debug|Any CPU
		{3CC291FF-477D-47B6-B355-01CEFF173F14}.Release|Any CPU.ActiveCfg = Release|Any CPU
		{3CC291FF-477D-47B6-B355-01CEFF173F14}.Release|Any CPU.Build.0 = Release|Any CPU
		{A8E7C22C-90F1-4FD8-B5B0-8F2C3CA07477}.Debug|Any CPU.ActiveCfg = Debug|Any CPU
		{A8E7C22C-90F1-4FD8-B5B0-8F2C3CA07477}.Debug|Any CPU.Build.0 = Debug|Any CPU
		{A8E7C22C-90F1-4FD8-B5B0-8F2C3CA07477}.DebugX86|Any CPU.ActiveCfg = Debug|Any CPU
		{A8E7C22C-90F1-4FD8-B5B0-8F2C3CA07477}.DebugX86|Any CPU.Build.0 = Debug|Any CPU
		{A8E7C22C-90F1-4FD8-B5B0-8F2C3CA07477}.Release|Any CPU.ActiveCfg = Release|Any CPU
		{A8E7C22C-90F1-4FD8-B5B0-8F2C3CA07477}.Release|Any CPU.Build.0 = Release|Any CPU
		{AA65E6CD-11CB-488B-9183-B0AE4147293D}.Debug|Any CPU.ActiveCfg = Debug|Any CPU
		{AA65E6CD-11CB-488B-9183-B0AE4147293D}.Debug|Any CPU.Build.0 = Debug|Any CPU
		{AA65E6CD-11CB-488B-9183-B0AE4147293D}.DebugX86|Any CPU.ActiveCfg = DebugX86|Any CPU
		{AA65E6CD-11CB-488B-9183-B0AE4147293D}.DebugX86|Any CPU.Build.0 = DebugX86|Any CPU
		{AA65E6CD-11CB-488B-9183-B0AE4147293D}.Release|Any CPU.ActiveCfg = Release|Any CPU
		{AA65E6CD-11CB-488B-9183-B0AE4147293D}.Release|Any CPU.Build.0 = Release|Any CPU
		{CB1554FD-B563-4E6C-B0E7-53663ECF502F}.Debug|Any CPU.ActiveCfg = Debug|Any CPU
		{CB1554FD-B563-4E6C-B0E7-53663ECF502F}.Debug|Any CPU.Build.0 = Debug|Any CPU
		{CB1554FD-B563-4E6C-B0E7-53663ECF502F}.DebugX86|Any CPU.ActiveCfg = DebugX86|Any CPU
		{CB1554FD-B563-4E6C-B0E7-53663ECF502F}.DebugX86|Any CPU.Build.0 = DebugX86|Any CPU
		{CB1554FD-B563-4E6C-B0E7-53663ECF502F}.Release|Any CPU.ActiveCfg = Release|Any CPU
		{CB1554FD-B563-4E6C-B0E7-53663ECF502F}.Release|Any CPU.Build.0 = Release|Any CPU
		{13283762-6CCD-41FF-B3E6-6DF6C07289C8}.Debug|Any CPU.ActiveCfg = Debug|Any CPU
		{13283762-6CCD-41FF-B3E6-6DF6C07289C8}.Debug|Any CPU.Build.0 = Debug|Any CPU
		{13283762-6CCD-41FF-B3E6-6DF6C07289C8}.DebugX86|Any CPU.ActiveCfg = Debug|Any CPU
		{13283762-6CCD-41FF-B3E6-6DF6C07289C8}.DebugX86|Any CPU.Build.0 = Debug|Any CPU
		{13283762-6CCD-41FF-B3E6-6DF6C07289C8}.Release|Any CPU.ActiveCfg = Release|Any CPU
		{13283762-6CCD-41FF-B3E6-6DF6C07289C8}.Release|Any CPU.Build.0 = Release|Any CPU
		{8487EB2B-A119-4D45-9562-648FFB94A129}.Debug|Any CPU.ActiveCfg = Debug|Any CPU
		{8487EB2B-A119-4D45-9562-648FFB94A129}.Debug|Any CPU.Build.0 = Debug|Any CPU
		{8487EB2B-A119-4D45-9562-648FFB94A129}.DebugX86|Any CPU.ActiveCfg = Debug|Any CPU
		{8487EB2B-A119-4D45-9562-648FFB94A129}.DebugX86|Any CPU.Build.0 = Debug|Any CPU
		{8487EB2B-A119-4D45-9562-648FFB94A129}.Release|Any CPU.ActiveCfg = Release|Any CPU
		{8487EB2B-A119-4D45-9562-648FFB94A129}.Release|Any CPU.Build.0 = Release|Any CPU
	EndGlobalSection
	GlobalSection(SolutionProperties) = preSolution
		HideSolutionNode = FALSE
	EndGlobalSection
	GlobalSection(NestedProjects) = preSolution
		{61EB0F1B-58EC-48A8-8C67-8A3C1436FC22} = {A2270A78-0C12-46DB-8790-4A1B698C04C8}
		{A2C10DA0-DEA9-469F-9DBE-07203DF82870} = {3D23574F-A099-4C34-BF46-48A89F2A3120}
		{D27039B8-2F73-44C2-B789-F2698988BC74} = {6E95ACC0-3C1A-433F-B1BD-3A498AC09695}
		{81102CA1-17C9-4A46-9314-E83BB4E54EF4} = {D27039B8-2F73-44C2-B789-F2698988BC74}
		{8B0D447E-A6B8-4ADF-BA6C-525BFCCBE63E} = {D27039B8-2F73-44C2-B789-F2698988BC74}
		{259981A6-3094-4F35-9EA2-9AA18EFA07E2} = {D27039B8-2F73-44C2-B789-F2698988BC74}
		{8F8F7067-8E25-4254-9BAE-EE37A1435DFC} = {D27039B8-2F73-44C2-B789-F2698988BC74}
		{F3280D99-0AB2-44DB-8590-0D9D5E5F44CE} = {D27039B8-2F73-44C2-B789-F2698988BC74}
		{168D4B9D-AC2C-48BC-A9B0-3FBD15B343FF} = {D27039B8-2F73-44C2-B789-F2698988BC74}
		{8A203BA5-9848-4A50-8EA2-A2C6B0F37F9F} = {6E95ACC0-3C1A-433F-B1BD-3A498AC09695}
		{3CC291FF-477D-47B6-B355-01CEFF173F14} = {8A203BA5-9848-4A50-8EA2-A2C6B0F37F9F}
		{A8E7C22C-90F1-4FD8-B5B0-8F2C3CA07477} = {8A203BA5-9848-4A50-8EA2-A2C6B0F37F9F}
		{9180288B-0488-4F66-98EC-E2D73C141B2F} = {6E95ACC0-3C1A-433F-B1BD-3A498AC09695}
		{AA65E6CD-11CB-488B-9183-B0AE4147293D} = {D27039B8-2F73-44C2-B789-F2698988BC74}
		{CB1554FD-B563-4E6C-B0E7-53663ECF502F} = {D27039B8-2F73-44C2-B789-F2698988BC74}
		{13283762-6CCD-41FF-B3E6-6DF6C07289C8} = {D27039B8-2F73-44C2-B789-F2698988BC74}
		{8487EB2B-A119-4D45-9562-648FFB94A129} = {D27039B8-2F73-44C2-B789-F2698988BC74}
	EndGlobalSection
	GlobalSection(ExtensibilityGlobals) = postSolution
		SolutionGuid = {60F07A73-547D-492E-97CE-C10125FABD15}
	EndGlobalSection
EndGlobal
